{
  "nodes": {
    "nixpkgs": {
      "locked": {
        "lastModified": 1749834526,
        "narHash": "sha256-izgPGLeUeFB9loC+n2X6TO2n8pOGvVcR3jKqxTGOwgc=",
        "owner": "NixOS",
        "repo": "nixpkgs",
        "rev": "db8414903dd6b3042e1ac471eafc18ca4ccb54a4",
        "type": "github"
      },
      "original": {
        "owner": "NixOS",
        "ref": "nixos-24.11",
        "repo": "nixpkgs",
        "type": "github"
      }
    },
    "root": {
      "inputs": {
        "nixpkgs": "nixpkgs"
      }
    }
  },
  "root": "root",
  "version": 7
}
